
Microsoft Visual Studio Solution File, Format Version 12.00
# Visual Studio Version 17
VisualStudioVersion = 17.8.34309.116
MinimumVisualStudioVersion = 10.0.40219.1
Project("{9A19103F-16F7-4668-BE54-9A1E7A4F7556}") = "ConsoleApp1", "ConsoleApp1\ConsoleApp1.csproj", "{47043369-2301-4149-A940-9EB1F8AADFD6}"
EndProject
Project("{9A19103F-16F7-4668-BE54-9A1E7A4F7556}") = "ConsoleApp2", "ConsoleApp2\ConsoleApp2.csproj", "{8C0809DA-38B3-40FA-90D9-8F2BF845B3D2}"
EndProject
Project("{9A19103F-16F7-4668-BE54-9A1E7A4F7556}") = "ConsoleApp3", "ConsoleApp3\ConsoleApp3.csproj", "{F1741DE7-0939-46C6-89BE-2DC634227A0F}"
EndProject
Project("{9A19103F-16F7-4668-BE54-9A1E7A4F7556}") = "zad 5", "zad 5\zad 5.csproj", "{506F50AB-FF96-4CBB-A24C-0F620F627D8C}"
EndProject
Project("{9A19103F-16F7-4668-BE54-9A1E7A4F7556}") = "zad6", "zad6\zad6.csproj", "{71C5E10D-0A42-4655-89E1-B7D7E8A3B429}"
EndProject
Project("{9A19103F-16F7-4668-BE54-9A1E7A4F7556}") = "zad7", "zad7\zad7.csproj", "{D999F2DB-007C-4C1A-94EE-A7E707343468}"
EndProject
Project("{9A19103F-16F7-4668-BE54-9A1E7A4F7556}") = "zad 8", "zad 8\zad 8.csproj", "{9B5D2BB2-D0D2-4288-9D05-A1055FEEC9BB}"
EndProject
Project("{FAE04EC0-301F-11D3-BF4B-00C04F79EFBC}") = "zad 9", "zad 9\zad 9.csproj", "{7969CCBD-0242-423D-AF13-92586C08BDFC}"
EndProject
Global
	GlobalSection(SolutionConfigurationPlatforms) = preSolution
		Debug|Any CPU = Debug|Any CPU
		Release|Any CPU = Release|Any CPU
	EndGlobalSection
	GlobalSection(ProjectConfigurationPlatforms) = postSolution
		{47043369-2301-4149-A940-9EB1F8AADFD6}.Debug|Any CPU.ActiveCfg = Debug|Any CPU
		{47043369-2301-4149-A940-9EB1F8AADFD6}.Debug|Any CPU.Build.0 = Debug|Any CPU
		{47043369-2301-4149-A940-9EB1F8AADFD6}.Release|Any CPU.ActiveCfg = Release|Any CPU
		{47043369-2301-4149-A940-9EB1F8AADFD6}.Release|Any CPU.Build.0 = Release|Any CPU
		{8C0809DA-38B3-40FA-90D9-8F2BF845B3D2}.Debug|Any CPU.ActiveCfg = Debug|Any CPU
		{8C0809DA-38B3-40FA-90D9-8F2BF845B3D2}.Debug|Any CPU.Build.0 = Debug|Any CPU
		{8C0809DA-38B3-40FA-90D9-8F2BF845B3D2}.Release|Any CPU.ActiveCfg = Release|Any CPU
		{8C0809DA-38B3-40FA-90D9-8F2BF845B3D2}.Release|Any CPU.Build.0 = Release|Any CPU
		{F1741DE7-0939-46C6-89BE-2DC634227A0F}.Debug|Any CPU.ActiveCfg = Debug|Any CPU
		{F1741DE7-0939-46C6-89BE-2DC634227A0F}.Debug|Any CPU.Build.0 = Debug|Any CPU
		{F1741DE7-0939-46C6-89BE-2DC634227A0F}.Release|Any CPU.ActiveCfg = Release|Any CPU
		{F1741DE7-0939-46C6-89BE-2DC634227A0F}.Release|Any CPU.Build.0 = Release|Any CPU
		{506F50AB-FF96-4CBB-A24C-0F620F627D8C}.Debug|Any CPU.ActiveCfg = Debug|Any CPU
		{506F50AB-FF96-4CBB-A24C-0F620F627D8C}.Debug|Any CPU.Build.0 = Debug|Any CPU
		{506F50AB-FF96-4CBB-A24C-0F620F627D8C}.Release|Any CPU.ActiveCfg = Release|Any CPU
		{506F50AB-FF96-4CBB-A24C-0F620F627D8C}.Release|Any CPU.Build.0 = Release|Any CPU
		{71C5E10D-0A42-4655-89E1-B7D7E8A3B429}.Debug|Any CPU.ActiveCfg = Debug|Any CPU
		{71C5E10D-0A42-4655-89E1-B7D7E8A3B429}.Debug|Any CPU.Build.0 = Debug|Any CPU
		{71C5E10D-0A42-4655-89E1-B7D7E8A3B429}.Release|Any CPU.ActiveCfg = Release|Any CPU
		{71C5E10D-0A42-4655-89E1-B7D7E8A3B429}.Release|Any CPU.Build.0 = Release|Any CPU
		{D999F2DB-007C-4C1A-94EE-A7E707343468}.Debug|Any CPU.ActiveCfg = Debug|Any CPU
		{D999F2DB-007C-4C1A-94EE-A7E707343468}.Debug|Any CPU.Build.0 = Debug|Any CPU
		{D999F2DB-007C-4C1A-94EE-A7E707343468}.Release|Any CPU.ActiveCfg = Release|Any CPU
		{D999F2DB-007C-4C1A-94EE-A7E707343468}.Release|Any CPU.Build.0 = Release|Any CPU
		{9B5D2BB2-D0D2-4288-9D05-A1055FEEC9BB}.Debug|Any CPU.ActiveCfg = Debug|Any CPU
		{9B5D2BB2-D0D2-4288-9D05-A1055FEEC9BB}.Debug|Any CPU.Build.0 = Debug|Any CPU
		{9B5D2BB2-D0D2-4288-9D05-A1055FEEC9BB}.Release|Any CPU.ActiveCfg = Release|Any CPU
		{9B5D2BB2-D0D2-4288-9D05-A1055FEEC9BB}.Release|Any CPU.Build.0 = Release|Any CPU
		{7969CCBD-0242-423D-AF13-92586C08BDFC}.Debug|Any CPU.ActiveCfg = Debug|Any CPU
		{7969CCBD-0242-423D-AF13-92586C08BDFC}.Debug|Any CPU.Build.0 = Debug|Any CPU
		{7969CCBD-0242-423D-AF13-92586C08BDFC}.Release|Any CPU.ActiveCfg = Release|Any CPU
		{7969CCBD-0242-423D-AF13-92586C08BDFC}.Release|Any CPU.Build.0 = Release|Any CPU
	EndGlobalSection
	GlobalSection(SolutionProperties) = preSolution
		HideSolutionNode = FALSE
	EndGlobalSection
	GlobalSection(ExtensibilityGlobals) = postSolution
		SolutionGuid = {F1BCD124-9F58-48F5-BF25-ABEFADF5C8CA}
	EndGlobalSection
EndGlobal
